
Microsoft Visual Studio Solution File, Format Version 12.00
Project("{FAE04EC0-301F-11D3-BF4B-00C04F79EFBC}") = "Banking.SOLID", "Banking.SOLID\Banking.SOLID.csproj", "{27C964AB-D338-49A8-AD92-46C06E4ECCD5}"
EndProject
Global
	GlobalSection(SolutionConfigurationPlatforms) = preSolution
		Debug|Any CPU = Debug|Any CPU
		Release|Any CPU = Release|Any CPU
	EndGlobalSection
	GlobalSection(ProjectConfigurationPlatforms) = postSolution
		{27C964AB-D338-49A8-AD92-46C06E4ECCD5}.Debug|Any CPU.ActiveCfg = Debug|Any CPU
		{27C964AB-D338-49A8-AD92-46C06E4ECCD5}.Debug|Any CPU.Build.0 = Debug|Any CPU
		{27C964AB-D338-49A8-AD92-46C06E4ECCD5}.Release|Any CPU.ActiveCfg = Release|Any CPU
		{27C964AB-D338-49A8-AD92-46C06E4ECCD5}.Release|Any CPU.Build.0 = Release|Any CPU
	EndGlobalSection
EndGlobal
